
Microsoft Visual Studio Solution File, Format Version 12.00
# Visual Studio 14
VisualStudioVersion = 14.0.25420.1
MinimumVisualStudioVersion = 10.0.40219.1
Project("{FAE04EC0-301F-11D3-BF4B-00C04F79EFBC}") = "ComicNet", "ComicNet\ComicNet.csproj", "{CC9A4657-F617-45C6-9388-83227D73CE05}"
EndProject
Project("{FAE04EC0-301F-11D3-BF4B-00C04F79EFBC}") = "ComicNetbox", "ComicNetbox\ComicNetbox.csproj", "{5CB74273-39D0-4DC2-B0E7-32206DD72471}"
EndProject
Global
	GlobalSection(SolutionConfigurationPlatforms) = preSolution
		Debug|Any CPU = Debug|Any CPU
		Release|Any CPU = Release|Any CPU
	EndGlobalSection
	GlobalSection(ProjectConfigurationPlatforms) = postSolution
		{CC9A4657-F617-45C6-9388-83227D73CE05}.Debug|Any CPU.ActiveCfg = Debug|Any CPU
		{CC9A4657-F617-45C6-9388-83227D73CE05}.Debug|Any CPU.Build.0 = Debug|Any CPU
		{CC9A4657-F617-45C6-9388-83227D73CE05}.Release|Any CPU.ActiveCfg = Release|Any CPU
		{CC9A4657-F617-45C6-9388-83227D73CE05}.Release|Any CPU.Build.0 = Release|Any CPU
		{5CB74273-39D0-4DC2-B0E7-32206DD72471}.Debug|Any CPU.ActiveCfg = Debug|Any CPU
		{5CB74273-39D0-4DC2-B0E7-32206DD72471}.Debug|Any CPU.Build.0 = Debug|Any CPU
		{5CB74273-39D0-4DC2-B0E7-32206DD72471}.Release|Any CPU.ActiveCfg = Release|Any CPU
		{5CB74273-39D0-4DC2-B0E7-32206DD72471}.Release|Any CPU.Build.0 = Release|Any CPU
	EndGlobalSection
	GlobalSection(SolutionProperties) = preSolution
		HideSolutionNode = FALSE
	EndGlobalSection
EndGlobal
